
Microsoft Visual Studio Solution File, Format Version 12.00
# Visual Studio Version 17
VisualStudioVersion = 17.10.34607.79
MinimumVisualStudioVersion = 10.0.40219.1
Project("{FAE04EC0-301F-11D3-BF4B-00C04F79EFBC}") = "NT_System", "NT_System\NT_System.csproj", "{779B4F08-5553-4697-9840-D2FEFF838D55}"
EndProject
Project("{FAE04EC0-301F-11D3-BF4B-00C04F79EFBC}") = "NT_ColoredConsole", "NT_ColoredConsole\NT_ColoredConsole.csproj", "{B12BC18A-E07E-4BE3-9B82-EBA6C81598E9}"
EndProject
Project("{FAE04EC0-301F-11D3-BF4B-00C04F79EFBC}") = "NT_HashTools", "NT_HashTools\NT_HashTools.csproj", "{0A1D45C9-926B-4EC5-B773-B60B35FA6ED4}"
EndProject
Project("{FAE04EC0-301F-11D3-BF4B-00C04F79EFBC}") = "NT_EmbedExtractor", "NT_EmbedExtractor\NT_EmbedExtractor.csproj", "{14FA8E22-2897-418D-8CEE-25DD78CAB2C4}"
EndProject
Project("{FAE04EC0-301F-11D3-BF4B-00C04F79EFBC}") = "NT_Launcher", "NT_Launcher\NT_Launcher.csproj", "{17C36978-6260-4A04-8886-BE8BEDD942F7}"
EndProject
Project("{FAE04EC0-301F-11D3-BF4B-00C04F79EFBC}") = "zTestConsoleApp", "zTestConsoleApp\zTestConsoleApp.csproj", "{2F9894E3-A62B-4CDA-A447-C3EF8FD1010A}"
	ProjectSection(ProjectDependencies) = postProject
		{0A1D45C9-926B-4EC5-B773-B60B35FA6ED4} = {0A1D45C9-926B-4EC5-B773-B60B35FA6ED4}
		{14FA8E22-2897-418D-8CEE-25DD78CAB2C4} = {14FA8E22-2897-418D-8CEE-25DD78CAB2C4}
		{17C36978-6260-4A04-8886-BE8BEDD942F7} = {17C36978-6260-4A04-8886-BE8BEDD942F7}
		{779B4F08-5553-4697-9840-D2FEFF838D55} = {779B4F08-5553-4697-9840-D2FEFF838D55}
		{B12BC18A-E07E-4BE3-9B82-EBA6C81598E9} = {B12BC18A-E07E-4BE3-9B82-EBA6C81598E9}
	EndProjectSection
EndProject
Project("{FAE04EC0-301F-11D3-BF4B-00C04F79EFBC}") = "zTestWpfApp", "zTestWpfApp\zTestWpfApp.csproj", "{F4C834CB-CE77-453F-B50E-7A552D5D7615}"
	ProjectSection(ProjectDependencies) = postProject
		{0A1D45C9-926B-4EC5-B773-B60B35FA6ED4} = {0A1D45C9-926B-4EC5-B773-B60B35FA6ED4}
		{14FA8E22-2897-418D-8CEE-25DD78CAB2C4} = {14FA8E22-2897-418D-8CEE-25DD78CAB2C4}
		{17C36978-6260-4A04-8886-BE8BEDD942F7} = {17C36978-6260-4A04-8886-BE8BEDD942F7}
		{779B4F08-5553-4697-9840-D2FEFF838D55} = {779B4F08-5553-4697-9840-D2FEFF838D55}
		{B12BC18A-E07E-4BE3-9B82-EBA6C81598E9} = {B12BC18A-E07E-4BE3-9B82-EBA6C81598E9}
	EndProjectSection
EndProject
Project("{2150E333-8FDC-42A3-9474-1A3956D46DE8}") = "notes", "notes", "{1A950A78-5D2B-4567-95D4-F724132624F1}"
	ProjectSection(SolutionItems) = preProject
		todo.txt = todo.txt
	EndProjectSection
EndProject
Project("{FAE04EC0-301F-11D3-BF4B-00C04F79EFBC}") = "NT_Encryption", "NT_Encryption\NT_Encryption.csproj", "{E2360954-5690-487C-A3A2-552EB9E43C77}"
EndProject
Global
	GlobalSection(SolutionConfigurationPlatforms) = preSolution
		Debug|Any CPU = Debug|Any CPU
		Release|Any CPU = Release|Any CPU
	EndGlobalSection
	GlobalSection(ProjectConfigurationPlatforms) = postSolution
		{779B4F08-5553-4697-9840-D2FEFF838D55}.Debug|Any CPU.ActiveCfg = Debug|Any CPU
		{779B4F08-5553-4697-9840-D2FEFF838D55}.Debug|Any CPU.Build.0 = Debug|Any CPU
		{779B4F08-5553-4697-9840-D2FEFF838D55}.Release|Any CPU.ActiveCfg = Release|Any CPU
		{779B4F08-5553-4697-9840-D2FEFF838D55}.Release|Any CPU.Build.0 = Release|Any CPU
		{B12BC18A-E07E-4BE3-9B82-EBA6C81598E9}.Debug|Any CPU.ActiveCfg = Debug|Any CPU
		{B12BC18A-E07E-4BE3-9B82-EBA6C81598E9}.Debug|Any CPU.Build.0 = Debug|Any CPU
		{B12BC18A-E07E-4BE3-9B82-EBA6C81598E9}.Release|Any CPU.ActiveCfg = Release|Any CPU
		{B12BC18A-E07E-4BE3-9B82-EBA6C81598E9}.Release|Any CPU.Build.0 = Release|Any CPU
		{0A1D45C9-926B-4EC5-B773-B60B35FA6ED4}.Debug|Any CPU.ActiveCfg = Debug|Any CPU
		{0A1D45C9-926B-4EC5-B773-B60B35FA6ED4}.Debug|Any CPU.Build.0 = Debug|Any CPU
		{0A1D45C9-926B-4EC5-B773-B60B35FA6ED4}.Release|Any CPU.ActiveCfg = Release|Any CPU
		{0A1D45C9-926B-4EC5-B773-B60B35FA6ED4}.Release|Any CPU.Build.0 = Release|Any CPU
		{14FA8E22-2897-418D-8CEE-25DD78CAB2C4}.Debug|Any CPU.ActiveCfg = Debug|Any CPU
		{14FA8E22-2897-418D-8CEE-25DD78CAB2C4}.Debug|Any CPU.Build.0 = Debug|Any CPU
		{14FA8E22-2897-418D-8CEE-25DD78CAB2C4}.Release|Any CPU.ActiveCfg = Release|Any CPU
		{14FA8E22-2897-418D-8CEE-25DD78CAB2C4}.Release|Any CPU.Build.0 = Release|Any CPU
		{17C36978-6260-4A04-8886-BE8BEDD942F7}.Debug|Any CPU.ActiveCfg = Debug|Any CPU
		{17C36978-6260-4A04-8886-BE8BEDD942F7}.Debug|Any CPU.Build.0 = Debug|Any CPU
		{17C36978-6260-4A04-8886-BE8BEDD942F7}.Release|Any CPU.ActiveCfg = Release|Any CPU
		{17C36978-6260-4A04-8886-BE8BEDD942F7}.Release|Any CPU.Build.0 = Release|Any CPU
		{2F9894E3-A62B-4CDA-A447-C3EF8FD1010A}.Debug|Any CPU.ActiveCfg = Debug|Any CPU
		{2F9894E3-A62B-4CDA-A447-C3EF8FD1010A}.Debug|Any CPU.Build.0 = Debug|Any CPU
		{2F9894E3-A62B-4CDA-A447-C3EF8FD1010A}.Release|Any CPU.ActiveCfg = Release|Any CPU
		{2F9894E3-A62B-4CDA-A447-C3EF8FD1010A}.Release|Any CPU.Build.0 = Release|Any CPU
		{F4C834CB-CE77-453F-B50E-7A552D5D7615}.Debug|Any CPU.ActiveCfg = Debug|Any CPU
		{F4C834CB-CE77-453F-B50E-7A552D5D7615}.Debug|Any CPU.Build.0 = Debug|Any CPU
		{F4C834CB-CE77-453F-B50E-7A552D5D7615}.Release|Any CPU.ActiveCfg = Release|Any CPU
		{F4C834CB-CE77-453F-B50E-7A552D5D7615}.Release|Any CPU.Build.0 = Release|Any CPU
		{E2360954-5690-487C-A3A2-552EB9E43C77}.Debug|Any CPU.ActiveCfg = Debug|Any CPU
		{E2360954-5690-487C-A3A2-552EB9E43C77}.Debug|Any CPU.Build.0 = Debug|Any CPU
		{E2360954-5690-487C-A3A2-552EB9E43C77}.Release|Any CPU.ActiveCfg = Release|Any CPU
		{E2360954-5690-487C-A3A2-552EB9E43C77}.Release|Any CPU.Build.0 = Release|Any CPU
	EndGlobalSection
	GlobalSection(SolutionProperties) = preSolution
		HideSolutionNode = FALSE
	EndGlobalSection
	GlobalSection(ExtensibilityGlobals) = postSolution
		SolutionGuid = {02CEB09C-5AC5-4464-9450-E41A7BA75CF2}
	EndGlobalSection
EndGlobal
